// !$*UTF8*$!
{
	archiveVersion = 1;
	classes = {
	};
	objectVersion = 46;
	objects = {

/* Begin PBXBuildFile section */
		9636B7FE6678C0E557A35861 /* Pods_Traccar.framework in Frameworks */ = {isa = PBXBuildFile; fileRef = 2E94896321D2299E91909C98 /* Pods_Traccar.framework */; };
		A63AAC9D1E5345250068CDEE /* BaseReport.swift in Sources */ = {isa = PBXBuildFile; fileRef = A63AAC9C1E5345250068CDEE /* BaseReport.swift */; };
		A6B13D6D1E4CF09200B9C30C /* PrettyPrintable.swift in Sources */ = {isa = PBXBuildFile; fileRef = A6B13D6C1E4CF09200B9C30C /* PrettyPrintable.swift */; };
		A6D112371E4B2AC400B38CC3 /* AppDelegate.swift in Sources */ = {isa = PBXBuildFile; fileRef = A6D112361E4B2AC400B38CC3 /* AppDelegate.swift */; };
		A6D112391E4B2AC400B38CC3 /* ViewController.swift in Sources */ = {isa = PBXBuildFile; fileRef = A6D112381E4B2AC400B38CC3 /* ViewController.swift */; };
		A6D1123C1E4B2AC400B38CC3 /* Main.storyboard in Resources */ = {isa = PBXBuildFile; fileRef = A6D1123A1E4B2AC400B38CC3 /* Main.storyboard */; };
		A6D1123E1E4B2AC400B38CC3 /* Assets.xcassets in Resources */ = {isa = PBXBuildFile; fileRef = A6D1123D1E4B2AC400B38CC3 /* Assets.xcassets */; };
		A6D112411E4B2AC400B38CC3 /* LaunchScreen.storyboard in Resources */ = {isa = PBXBuildFile; fileRef = A6D1123F1E4B2AC400B38CC3 /* LaunchScreen.storyboard */; };
		A6D1124A1E4B2B3200B38CC3 /* Podfile in Resources */ = {isa = PBXBuildFile; fileRef = A6D112491E4B2B3200B38CC3 /* Podfile */; };
		A6D1124D1E4B2BBB00B38CC3 /* JSON.swift in Sources */ = {isa = PBXBuildFile; fileRef = A6D1124C1E4B2BBB00B38CC3 /* JSON.swift */; };
		A6D1124F1E4B2C0400B38CC3 /* HTTPStatusCode.swift in Sources */ = {isa = PBXBuildFile; fileRef = A6D1124E1E4B2C0400B38CC3 /* HTTPStatusCode.swift */; };
		A6D112511E4B2C2000B38CC3 /* APIError.swift in Sources */ = {isa = PBXBuildFile; fileRef = A6D112501E4B2C2000B38CC3 /* APIError.swift */; };
		A6D112531E4B2C4E00B38CC3 /* APIClient.swift in Sources */ = {isa = PBXBuildFile; fileRef = A6D112521E4B2C4E00B38CC3 /* APIClient.swift */; };
		A6D112551E4B2C8000B38CC3 /* Endpoint.swift in Sources */ = {isa = PBXBuildFile; fileRef = A6D112541E4B2C8000B38CC3 /* Endpoint.swift */; };
		A6D112581E4B2D8700B38CC3 /* AttributeAlias.swift in Sources */ = {isa = PBXBuildFile; fileRef = A6D112571E4B2D8700B38CC3 /* AttributeAlias.swift */; };
		A6D1125A1E4B2F2B00B38CC3 /* Command.swift in Sources */ = {isa = PBXBuildFile; fileRef = A6D112591E4B2F2B00B38CC3 /* Command.swift */; };
		A6D1125C1E4B30A400B38CC3 /* CommandType.swift in Sources */ = {isa = PBXBuildFile; fileRef = A6D1125B1E4B30A400B38CC3 /* CommandType.swift */; };
		A6D1125E1E4B311700B38CC3 /* Device.swift in Sources */ = {isa = PBXBuildFile; fileRef = A6D1125D1E4B311700B38CC3 /* Device.swift */; };
		A6D112601E4B330F00B38CC3 /* DeviceGeofence.swift in Sources */ = {isa = PBXBuildFile; fileRef = A6D1125F1E4B330F00B38CC3 /* DeviceGeofence.swift */; };
		A6D112621E4B33A500B38CC3 /* DevicePermission.swift in Sources */ = {isa = PBXBuildFile; fileRef = A6D112611E4B33A500B38CC3 /* DevicePermission.swift */; };
		A6D112641E4B340E00B38CC3 /* DeviceTotalDistance.swift in Sources */ = {isa = PBXBuildFile; fileRef = A6D112631E4B340E00B38CC3 /* DeviceTotalDistance.swift */; };
		A6D112661E4B34BC00B38CC3 /* Event.swift in Sources */ = {isa = PBXBuildFile; fileRef = A6D112651E4B34BC00B38CC3 /* Event.swift */; };
		A6D112681E4B35C700B38CC3 /* Geofence.swift in Sources */ = {isa = PBXBuildFile; fileRef = A6D112671E4B35C700B38CC3 /* Geofence.swift */; };
		A6D1126A1E4B36BB00B38CC3 /* GeofencePermission.swift in Sources */ = {isa = PBXBuildFile; fileRef = A6D112691E4B36BB00B38CC3 /* GeofencePermission.swift */; };
		A6D1126C1E4B370200B38CC3 /* Group.swift in Sources */ = {isa = PBXBuildFile; fileRef = A6D1126B1E4B370200B38CC3 /* Group.swift */; };
		A6D1126E1E4B37D500B38CC3 /* GroupGeofence.swift in Sources */ = {isa = PBXBuildFile; fileRef = A6D1126D1E4B37D500B38CC3 /* GroupGeofence.swift */; };
		A6D112701E4B383F00B38CC3 /* GroupPermission.swift in Sources */ = {isa = PBXBuildFile; fileRef = A6D1126F1E4B383F00B38CC3 /* GroupPermission.swift */; };
		A6D112721E4B388700B38CC3 /* Notification.swift in Sources */ = {isa = PBXBuildFile; fileRef = A6D112711E4B388700B38CC3 /* Notification.swift */; };
		A6D112741E4B38F200B38CC3 /* Position.swift in Sources */ = {isa = PBXBuildFile; fileRef = A6D112731E4B38F200B38CC3 /* Position.swift */; };
		A6D112761E4B439800B38CC3 /* SummaryReport.swift in Sources */ = {isa = PBXBuildFile; fileRef = A6D112751E4B439800B38CC3 /* SummaryReport.swift */; };
		A6D112781E4B44B500B38CC3 /* TripReport.swift in Sources */ = {isa = PBXBuildFile; fileRef = A6D112771E4B44B500B38CC3 /* TripReport.swift */; };
		A6D1127A1E4B464E00B38CC3 /* Server.swift in Sources */ = {isa = PBXBuildFile; fileRef = A6D112791E4B464E00B38CC3 /* Server.swift */; };
		A6D1127C1E4B486700B38CC3 /* Statistics.swift in Sources */ = {isa = PBXBuildFile; fileRef = A6D1127B1E4B486700B38CC3 /* Statistics.swift */; };
		A6D1127E1E4B493D00B38CC3 /* User.swift in Sources */ = {isa = PBXBuildFile; fileRef = A6D1127D1E4B493D00B38CC3 /* User.swift */; };
/* End PBXBuildFile section */

/* Begin PBXFileReference section */
		2E94896321D2299E91909C98 /* Pods_Traccar.framework */ = {isa = PBXFileReference; explicitFileType = wrapper.framework; includeInIndex = 0; path = Pods_Traccar.framework; sourceTree = BUILT_PRODUCTS_DIR; };
		6B08B6ABE46904C699931AEE /* Pods-Traccar.debug.xcconfig */ = {isa = PBXFileReference; includeInIndex = 1; lastKnownFileType = text.xcconfig; name = "Pods-Traccar.debug.xcconfig"; path = "Pods/Target Support Files/Pods-Traccar/Pods-Traccar.debug.xcconfig"; sourceTree = "<group>"; };
		838DB7B0A08D2776B6E3FEF7 /* Pods-Traccar.release.xcconfig */ = {isa = PBXFileReference; includeInIndex = 1; lastKnownFileType = text.xcconfig; name = "Pods-Traccar.release.xcconfig"; path = "Pods/Target Support Files/Pods-Traccar/Pods-Traccar.release.xcconfig"; sourceTree = "<group>"; };
		A63AAC9C1E5345250068CDEE /* BaseReport.swift */ = {isa = PBXFileReference; fileEncoding = 4; lastKnownFileType = sourcecode.swift; path = BaseReport.swift; sourceTree = "<group>"; };
		A6B13D6C1E4CF09200B9C30C /* PrettyPrintable.swift */ = {isa = PBXFileReference; fileEncoding = 4; lastKnownFileType = sourcecode.swift; path = PrettyPrintable.swift; sourceTree = "<group>"; };
		A6B13D6E1E4D0D9100B9C30C /* README.md */ = {isa = PBXFileReference; lastKnownFileType = net.daringfireball.markdown; path = README.md; sourceTree = "<group>"; };
		A6D112331E4B2AC400B38CC3 /* Traccar.app */ = {isa = PBXFileReference; explicitFileType = wrapper.application; includeInIndex = 0; path = Traccar.app; sourceTree = BUILT_PRODUCTS_DIR; };
		A6D112361E4B2AC400B38CC3 /* AppDelegate.swift */ = {isa = PBXFileReference; lastKnownFileType = sourcecode.swift; path = AppDelegate.swift; sourceTree = "<group>"; };
		A6D112381E4B2AC400B38CC3 /* ViewController.swift */ = {isa = PBXFileReference; lastKnownFileType = sourcecode.swift; path = ViewController.swift; sourceTree = "<group>"; };
		A6D1123B1E4B2AC400B38CC3 /* Base */ = {isa = PBXFileReference; lastKnownFileType = file.storyboard; name = Base; path = Base.lproj/Main.storyboard; sourceTree = "<group>"; };
		A6D1123D1E4B2AC400B38CC3 /* Assets.xcassets */ = {isa = PBXFileReference; lastKnownFileType = folder.assetcatalog; path = Assets.xcassets; sourceTree = "<group>"; };
		A6D112401E4B2AC400B38CC3 /* Base */ = {isa = PBXFileReference; lastKnownFileType = file.storyboard; name = Base; path = Base.lproj/LaunchScreen.storyboard; sourceTree = "<group>"; };
		A6D112421E4B2AC400B38CC3 /* Info.plist */ = {isa = PBXFileReference; lastKnownFileType = text.plist.xml; path = Info.plist; sourceTree = "<group>"; };
		A6D112491E4B2B3200B38CC3 /* Podfile */ = {isa = PBXFileReference; fileEncoding = 4; lastKnownFileType = text; path = Podfile; sourceTree = "<group>"; xcLanguageSpecificationIdentifier = xcode.lang.ruby; };
		A6D1124C1E4B2BBB00B38CC3 /* JSON.swift */ = {isa = PBXFileReference; fileEncoding = 4; lastKnownFileType = sourcecode.swift; path = JSON.swift; sourceTree = "<group>"; };
		A6D1124E1E4B2C0400B38CC3 /* HTTPStatusCode.swift */ = {isa = PBXFileReference; fileEncoding = 4; lastKnownFileType = sourcecode.swift; path = HTTPStatusCode.swift; sourceTree = "<group>"; };
		A6D112501E4B2C2000B38CC3 /* APIError.swift */ = {isa = PBXFileReference; fileEncoding = 4; lastKnownFileType = sourcecode.swift; path = APIError.swift; sourceTree = "<group>"; };
		A6D112521E4B2C4E00B38CC3 /* APIClient.swift */ = {isa = PBXFileReference; fileEncoding = 4; lastKnownFileType = sourcecode.swift; path = APIClient.swift; sourceTree = "<group>"; };
		A6D112541E4B2C8000B38CC3 /* Endpoint.swift */ = {isa = PBXFileReference; fileEncoding = 4; lastKnownFileType = sourcecode.swift; path = Endpoint.swift; sourceTree = "<group>"; };
		A6D112571E4B2D8700B38CC3 /* AttributeAlias.swift */ = {isa = PBXFileReference; fileEncoding = 4; lastKnownFileType = sourcecode.swift; path = AttributeAlias.swift; sourceTree = "<group>"; };
		A6D112591E4B2F2B00B38CC3 /* Command.swift */ = {isa = PBXFileReference; fileEncoding = 4; lastKnownFileType = sourcecode.swift; path = Command.swift; sourceTree = "<group>"; };
		A6D1125B1E4B30A400B38CC3 /* CommandType.swift */ = {isa = PBXFileReference; fileEncoding = 4; lastKnownFileType = sourcecode.swift; path = CommandType.swift; sourceTree = "<group>"; };
		A6D1125D1E4B311700B38CC3 /* Device.swift */ = {isa = PBXFileReference; fileEncoding = 4; lastKnownFileType = sourcecode.swift; path = Device.swift; sourceTree = "<group>"; };
		A6D1125F1E4B330F00B38CC3 /* DeviceGeofence.swift */ = {isa = PBXFileReference; fileEncoding = 4; lastKnownFileType = sourcecode.swift; path = DeviceGeofence.swift; sourceTree = "<group>"; };
		A6D112611E4B33A500B38CC3 /* DevicePermission.swift */ = {isa = PBXFileReference; fileEncoding = 4; lastKnownFileType = sourcecode.swift; path = DevicePermission.swift; sourceTree = "<group>"; };
		A6D112631E4B340E00B38CC3 /* DeviceTotalDistance.swift */ = {isa = PBXFileReference; fileEncoding = 4; lastKnownFileType = sourcecode.swift; path = DeviceTotalDistance.swift; sourceTree = "<group>"; };
		A6D112651E4B34BC00B38CC3 /* Event.swift */ = {isa = PBXFileReference; fileEncoding = 4; lastKnownFileType = sourcecode.swift; path = Event.swift; sourceTree = "<group>"; };
		A6D112671E4B35C700B38CC3 /* Geofence.swift */ = {isa = PBXFileReference; fileEncoding = 4; lastKnownFileType = sourcecode.swift; path = Geofence.swift; sourceTree = "<group>"; };
		A6D112691E4B36BB00B38CC3 /* GeofencePermission.swift */ = {isa = PBXFileReference; fileEncoding = 4; lastKnownFileType = sourcecode.swift; path = GeofencePermission.swift; sourceTree = "<group>"; };
		A6D1126B1E4B370200B38CC3 /* Group.swift */ = {isa = PBXFileReference; fileEncoding = 4; lastKnownFileType = sourcecode.swift; path = Group.swift; sourceTree = "<group>"; };
		A6D1126D1E4B37D500B38CC3 /* GroupGeofence.swift */ = {isa = PBXFileReference; fileEncoding = 4; lastKnownFileType = sourcecode.swift; path = GroupGeofence.swift; sourceTree = "<group>"; };
		A6D1126F1E4B383F00B38CC3 /* GroupPermission.swift */ = {isa = PBXFileReference; fileEncoding = 4; lastKnownFileType = sourcecode.swift; path = GroupPermission.swift; sourceTree = "<group>"; };
		A6D112711E4B388700B38CC3 /* Notification.swift */ = {isa = PBXFileReference; fileEncoding = 4; lastKnownFileType = sourcecode.swift; path = Notification.swift; sourceTree = "<group>"; };
		A6D112731E4B38F200B38CC3 /* Position.swift */ = {isa = PBXFileReference; fileEncoding = 4; lastKnownFileType = sourcecode.swift; path = Position.swift; sourceTree = "<group>"; };
		A6D112751E4B439800B38CC3 /* SummaryReport.swift */ = {isa = PBXFileReference; fileEncoding = 4; lastKnownFileType = sourcecode.swift; path = SummaryReport.swift; sourceTree = "<group>"; };
		A6D112771E4B44B500B38CC3 /* TripReport.swift */ = {isa = PBXFileReference; fileEncoding = 4; lastKnownFileType = sourcecode.swift; path = TripReport.swift; sourceTree = "<group>"; };
		A6D112791E4B464E00B38CC3 /* Server.swift */ = {isa = PBXFileReference; fileEncoding = 4; lastKnownFileType = sourcecode.swift; path = Server.swift; sourceTree = "<group>"; };
		A6D1127B1E4B486700B38CC3 /* Statistics.swift */ = {isa = PBXFileReference; fileEncoding = 4; lastKnownFileType = sourcecode.swift; path = Statistics.swift; sourceTree = "<group>"; };
		A6D1127D1E4B493D00B38CC3 /* User.swift */ = {isa = PBXFileReference; fileEncoding = 4; lastKnownFileType = sourcecode.swift; path = User.swift; sourceTree = "<group>"; };
/* End PBXFileReference section */

/* Begin PBXFrameworksBuildPhase section */
		A6D112301E4B2AC400B38CC3 /* Frameworks */ = {
			isa = PBXFrameworksBuildPhase;
			buildActionMask = 2147483647;
			files = (
				9636B7FE6678C0E557A35861 /* Pods_Traccar.framework in Frameworks */,
			);
			runOnlyForDeploymentPostprocessing = 0;
		};
/* End PBXFrameworksBuildPhase section */

/* Begin PBXGroup section */
		1FC5D34FC7929762D15E4DDA /* Frameworks */ = {
			isa = PBXGroup;
			children = (
				2E94896321D2299E91909C98 /* Pods_Traccar.framework */,
			);
			name = Frameworks;
			sourceTree = "<group>";
		};
		A63AAC9B1E5345120068CDEE /* Reports */ = {
			isa = PBXGroup;
			children = (
				A6D112751E4B439800B38CC3 /* SummaryReport.swift */,
				A6D112771E4B44B500B38CC3 /* TripReport.swift */,
				A63AAC9C1E5345250068CDEE /* BaseReport.swift */,
			);
			name = Reports;
			sourceTree = "<group>";
		};
		A6D1122A1E4B2AC400B38CC3 = {
			isa = PBXGroup;
			children = (
				A6B13D6E1E4D0D9100B9C30C /* README.md */,
				A6D112491E4B2B3200B38CC3 /* Podfile */,
				A6D112351E4B2AC400B38CC3 /* Traccar */,
				A6D112341E4B2AC400B38CC3 /* Products */,
				E7767224FA0B203D5209B9C9 /* Pods */,
				1FC5D34FC7929762D15E4DDA /* Frameworks */,
			);
			sourceTree = "<group>";
		};
		A6D112341E4B2AC400B38CC3 /* Products */ = {
			isa = PBXGroup;
			children = (
				A6D112331E4B2AC400B38CC3 /* Traccar.app */,
			);
			name = Products;
			sourceTree = "<group>";
		};
		A6D112351E4B2AC400B38CC3 /* Traccar */ = {
			isa = PBXGroup;
			children = (
				A6D1124B1E4B2BAF00B38CC3 /* Model */,
				A6D112481E4B2AF700B38CC3 /* SupportingFiles */,
			);
			path = Traccar;
			sourceTree = "<group>";
		};
		A6D112481E4B2AF700B38CC3 /* SupportingFiles */ = {
			isa = PBXGroup;
			children = (
				A6D112361E4B2AC400B38CC3 /* AppDelegate.swift */,
				A6D112381E4B2AC400B38CC3 /* ViewController.swift */,
				A6D1123A1E4B2AC400B38CC3 /* Main.storyboard */,
				A6D1123D1E4B2AC400B38CC3 /* Assets.xcassets */,
				A6D1123F1E4B2AC400B38CC3 /* LaunchScreen.storyboard */,
				A6D112421E4B2AC400B38CC3 /* Info.plist */,
			);
			name = SupportingFiles;
			sourceTree = "<group>";
		};
		A6D1124B1E4B2BAF00B38CC3 /* Model */ = {
			isa = PBXGroup;
			children = (
				A6D112561E4B2D6A00B38CC3 /* TraccarModel */,
				A6D1124C1E4B2BBB00B38CC3 /* JSON.swift */,
				A6D1124E1E4B2C0400B38CC3 /* HTTPStatusCode.swift */,
				A6D112501E4B2C2000B38CC3 /* APIError.swift */,
				A6D112521E4B2C4E00B38CC3 /* APIClient.swift */,
				A6D112541E4B2C8000B38CC3 /* Endpoint.swift */,
			);
			name = Model;
			sourceTree = "<group>";
		};
		A6D112561E4B2D6A00B38CC3 /* TraccarModel */ = {
			isa = PBXGroup;
			children = (
				A63AAC9B1E5345120068CDEE /* Reports */,
				A6D112571E4B2D8700B38CC3 /* AttributeAlias.swift */,
				A6D112591E4B2F2B00B38CC3 /* Command.swift */,
				A6D1125B1E4B30A400B38CC3 /* CommandType.swift */,
				A6D1125D1E4B311700B38CC3 /* Device.swift */,
				A6D1125F1E4B330F00B38CC3 /* DeviceGeofence.swift */,
				A6D112611E4B33A500B38CC3 /* DevicePermission.swift */,
				A6D112631E4B340E00B38CC3 /* DeviceTotalDistance.swift */,
				A6D112651E4B34BC00B38CC3 /* Event.swift */,
				A6D112671E4B35C700B38CC3 /* Geofence.swift */,
				A6D112691E4B36BB00B38CC3 /* GeofencePermission.swift */,
				A6D1126B1E4B370200B38CC3 /* Group.swift */,
				A6D1126D1E4B37D500B38CC3 /* GroupGeofence.swift */,
				A6D1126F1E4B383F00B38CC3 /* GroupPermission.swift */,
				A6D112711E4B388700B38CC3 /* Notification.swift */,
				A6D112731E4B38F200B38CC3 /* Position.swift */,
				A6D112791E4B464E00B38CC3 /* Server.swift */,
				A6D1127B1E4B486700B38CC3 /* Statistics.swift */,
				A6D1127D1E4B493D00B38CC3 /* User.swift */,
				A6B13D6C1E4CF09200B9C30C /* PrettyPrintable.swift */,
			);
			name = TraccarModel;
			sourceTree = "<group>";
		};
		E7767224FA0B203D5209B9C9 /* Pods */ = {
			isa = PBXGroup;
			children = (
				6B08B6ABE46904C699931AEE /* Pods-Traccar.debug.xcconfig */,
				838DB7B0A08D2776B6E3FEF7 /* Pods-Traccar.release.xcconfig */,
			);
			name = Pods;
			sourceTree = "<group>";
		};
/* End PBXGroup section */

/* Begin PBXNativeTarget section */
		A6D112321E4B2AC400B38CC3 /* Traccar */ = {
			isa = PBXNativeTarget;
			buildConfigurationList = A6D112451E4B2AC400B38CC3 /* Build configuration list for PBXNativeTarget "Traccar" */;
			buildPhases = (
				3F3DF3A2A10A2422A7740989 /* [CP] Check Pods Manifest.lock */,
				A6D1122F1E4B2AC400B38CC3 /* Sources */,
				A6D112301E4B2AC400B38CC3 /* Frameworks */,
				A6D112311E4B2AC400B38CC3 /* Resources */,
				798783B739E98F87125EF996 /* [CP] Embed Pods Frameworks */,
				D51D01D5602863FB7501E9A3 /* [CP] Copy Pods Resources */,
			);
			buildRules = (
			);
			dependencies = (
			);
			name = Traccar;
			productName = Traccar;
			productReference = A6D112331E4B2AC400B38CC3 /* Traccar.app */;
			productType = "com.apple.product-type.application";
		};
/* End PBXNativeTarget section */

/* Begin PBXProject section */
		A6D1122B1E4B2AC400B38CC3 /* Project object */ = {
			isa = PBXProject;
			attributes = {
				LastSwiftUpdateCheck = 0820;
				LastUpgradeCheck = 0820;
				ORGANIZATIONNAME = zzheads;
				TargetAttributes = {
					A6D112321E4B2AC400B38CC3 = {
						CreatedOnToolsVersion = 8.2.1;
						DevelopmentTeam = RS93W547X8;
						ProvisioningStyle = Automatic;
					};
				};
			};
			buildConfigurationList = A6D1122E1E4B2AC400B38CC3 /* Build configuration list for PBXProject "Traccar" */;
			compatibilityVersion = "Xcode 3.2";
			developmentRegion = English;
			hasScannedForEncodings = 0;
			knownRegions = (
				en,
				Base,
			);
			mainGroup = A6D1122A1E4B2AC400B38CC3;
			productRefGroup = A6D112341E4B2AC400B38CC3 /* Products */;
			projectDirPath = "";
			projectRoot = "";
			targets = (
				A6D112321E4B2AC400B38CC3 /* Traccar */,
			);
		};
/* End PBXProject section */

/* Begin PBXResourcesBuildPhase section */
		A6D112311E4B2AC400B38CC3 /* Resources */ = {
			isa = PBXResourcesBuildPhase;
			buildActionMask = 2147483647;
			files = (
				A6D112411E4B2AC400B38CC3 /* LaunchScreen.storyboard in Resources */,
				A6D1123E1E4B2AC400B38CC3 /* Assets.xcassets in Resources */,
				A6D1124A1E4B2B3200B38CC3 /* Podfile in Resources */,
				A6D1123C1E4B2AC400B38CC3 /* Main.storyboard in Resources */,
			);
			runOnlyForDeploymentPostprocessing = 0;
		};
/* End PBXResourcesBuildPhase section */

/* Begin PBXShellScriptBuildPhase section */
		3F3DF3A2A10A2422A7740989 /* [CP] Check Pods Manifest.lock */ = {
			isa = PBXShellScriptBuildPhase;
			buildActionMask = 2147483647;
			files = (
			);
			inputPaths = (
			);
			name = "[CP] Check Pods Manifest.lock";
			outputPaths = (
			);
			runOnlyForDeploymentPostprocessing = 0;
			shellPath = /bin/sh;
			shellScript = "diff \"${PODS_ROOT}/../Podfile.lock\" \"${PODS_ROOT}/Manifest.lock\" > /dev/null\nif [ $? != 0 ] ; then\n    # print error to STDERR\n    echo \"error: The sandbox is not in sync with the Podfile.lock. Run 'pod install' or update your CocoaPods installation.\" >&2\n    exit 1\nfi\n";
			showEnvVarsInLog = 0;
		};
		798783B739E98F87125EF996 /* [CP] Embed Pods Frameworks */ = {
			isa = PBXShellScriptBuildPhase;
			buildActionMask = 2147483647;
			files = (
			);
			inputPaths = (
			);
			name = "[CP] Embed Pods Frameworks";
			outputPaths = (
			);
			runOnlyForDeploymentPostprocessing = 0;
			shellPath = /bin/sh;
			shellScript = "\"${SRCROOT}/Pods/Target Support Files/Pods-Traccar/Pods-Traccar-frameworks.sh\"\n";
			showEnvVarsInLog = 0;
		};
		D51D01D5602863FB7501E9A3 /* [CP] Copy Pods Resources */ = {
			isa = PBXShellScriptBuildPhase;
			buildActionMask = 2147483647;
			files = (
			);
			inputPaths = (
			);
			name = "[CP] Copy Pods Resources";
			outputPaths = (
			);
			runOnlyForDeploymentPostprocessing = 0;
			shellPath = /bin/sh;
			shellScript = "\"${SRCROOT}/Pods/Target Support Files/Pods-Traccar/Pods-Traccar-resources.sh\"\n";
			showEnvVarsInLog = 0;
		};
/* End PBXShellScriptBuildPhase section */

/* Begin PBXSourcesBuildPhase section */
		A6D1122F1E4B2AC400B38CC3 /* Sources */ = {
			isa = PBXSourcesBuildPhase;
			buildActionMask = 2147483647;
			files = (
				A6D1127A1E4B464E00B38CC3 /* Server.swift in Sources */,
				A6D112741E4B38F200B38CC3 /* Position.swift in Sources */,
				A6D1125E1E4B311700B38CC3 /* Device.swift in Sources */,
				A6D112551E4B2C8000B38CC3 /* Endpoint.swift in Sources */,
				A6D1124D1E4B2BBB00B38CC3 /* JSON.swift in Sources */,
				A63AAC9D1E5345250068CDEE /* BaseReport.swift in Sources */,
				A6D1127E1E4B493D00B38CC3 /* User.swift in Sources */,
				A6D112601E4B330F00B38CC3 /* DeviceGeofence.swift in Sources */,
				A6D112661E4B34BC00B38CC3 /* Event.swift in Sources */,
				A6D112681E4B35C700B38CC3 /* Geofence.swift in Sources */,
				A6D112391E4B2AC400B38CC3 /* ViewController.swift in Sources */,
				A6D1125C1E4B30A400B38CC3 /* CommandType.swift in Sources */,
				A6D112761E4B439800B38CC3 /* SummaryReport.swift in Sources */,
				A6D112781E4B44B500B38CC3 /* TripReport.swift in Sources */,
				A6D1124F1E4B2C0400B38CC3 /* HTTPStatusCode.swift in Sources */,
				A6D1126C1E4B370200B38CC3 /* Group.swift in Sources */,
				A6D1126E1E4B37D500B38CC3 /* GroupGeofence.swift in Sources */,
				A6D112641E4B340E00B38CC3 /* DeviceTotalDistance.swift in Sources */,
				A6D1126A1E4B36BB00B38CC3 /* GeofencePermission.swift in Sources */,
				A6D112621E4B33A500B38CC3 /* DevicePermission.swift in Sources */,
				A6D1127C1E4B486700B38CC3 /* Statistics.swift in Sources */,
				A6D112701E4B383F00B38CC3 /* GroupPermission.swift in Sources */,
				A6B13D6D1E4CF09200B9C30C /* PrettyPrintable.swift in Sources */,
				A6D112511E4B2C2000B38CC3 /* APIError.swift in Sources */,
				A6D1125A1E4B2F2B00B38CC3 /* Command.swift in Sources */,
				A6D112721E4B388700B38CC3 /* Notification.swift in Sources */,
				A6D112581E4B2D8700B38CC3 /* AttributeAlias.swift in Sources */,
				A6D112371E4B2AC400B38CC3 /* AppDelegate.swift in Sources */,
				A6D112531E4B2C4E00B38CC3 /* APIClient.swift in Sources */,
			);
			runOnlyForDeploymentPostprocessing = 0;
		};
/* End PBXSourcesBuildPhase section */

/* Begin PBXVariantGroup section */
		A6D1123A1E4B2AC400B38CC3 /* Main.storyboard */ = {
			isa = PBXVariantGroup;
			children = (
				A6D1123B1E4B2AC400B38CC3 /* Base */,
			);
			name = Main.storyboard;
			sourceTree = "<group>";
		};
		A6D1123F1E4B2AC400B38CC3 /* LaunchScreen.storyboard */ = {
			isa = PBXVariantGroup;
			children = (
				A6D112401E4B2AC400B38CC3 /* Base */,
			);
			name = LaunchScreen.storyboard;
			sourceTree = "<group>";
		};
/* End PBXVariantGroup section */

/* Begin XCBuildConfiguration section */
		A6D112431E4B2AC400B38CC3 /* Debug */ = {
			isa = XCBuildConfiguration;
			buildSettings = {
				ALWAYS_SEARCH_USER_PATHS = NO;
				CLANG_ANALYZER_NONNULL = YES;
				CLANG_CXX_LANGUAGE_STANDARD = "gnu++0x";
				CLANG_CXX_LIBRARY = "libc++";
				CLANG_ENABLE_MODULES = YES;
				CLANG_ENABLE_OBJC_ARC = YES;
				CLANG_WARN_BOOL_CONVERSION = YES;
				CLANG_WARN_CONSTANT_CONVERSION = YES;
				CLANG_WARN_DIRECT_OBJC_ISA_USAGE = YES_ERROR;
				CLANG_WARN_DOCUMENTATION_COMMENTS = YES;
				CLANG_WARN_EMPTY_BODY = YES;
				CLANG_WARN_ENUM_CONVERSION = YES;
				CLANG_WARN_INFINITE_RECURSION = YES;
				CLANG_WARN_INT_CONVERSION = YES;
				CLANG_WARN_OBJC_ROOT_CLASS = YES_ERROR;
				CLANG_WARN_SUSPICIOUS_MOVE = YES;
				CLANG_WARN_UNREACHABLE_CODE = YES;
				CLANG_WARN__DUPLICATE_METHOD_MATCH = YES;
				"CODE_SIGN_IDENTITY[sdk=iphoneos*]" = "iPhone Developer";
				COPY_PHASE_STRIP = NO;
				DEBUG_INFORMATION_FORMAT = dwarf;
				ENABLE_STRICT_OBJC_MSGSEND = YES;
				ENABLE_TESTABILITY = YES;
				GCC_C_LANGUAGE_STANDARD = gnu99;
				GCC_DYNAMIC_NO_PIC = NO;
				GCC_NO_COMMON_BLOCKS = YES;
				GCC_OPTIMIZATION_LEVEL = 0;
				GCC_PREPROCESSOR_DEFINITIONS = (
					"DEBUG=1",
					"$(inherited)",
				);
				GCC_WARN_64_TO_32_BIT_CONVERSION = YES;
				GCC_WARN_ABOUT_RETURN_TYPE = YES_ERROR;
				GCC_WARN_UNDECLARED_SELECTOR = YES;
				GCC_WARN_UNINITIALIZED_AUTOS = YES_AGGRESSIVE;
				GCC_WARN_UNUSED_FUNCTION = YES;
				GCC_WARN_UNUSED_VARIABLE = YES;
				IPHONEOS_DEPLOYMENT_TARGET = 9.0;
				MTL_ENABLE_DEBUG_INFO = YES;
				ONLY_ACTIVE_ARCH = YES;
				SDKROOT = iphoneos;
				SWIFT_ACTIVE_COMPILATION_CONDITIONS = DEBUG;
				SWIFT_OPTIMIZATION_LEVEL = "-Onone";
				TARGETED_DEVICE_FAMILY = "1,2";
			};
			name = Debug;
		};
		A6D112441E4B2AC400B38CC3 /* Release */ = {
			isa = XCBuildConfiguration;
			buildSettings = {
				ALWAYS_SEARCH_USER_PATHS = NO;
				CLANG_ANALYZER_NONNULL = YES;
				CLANG_CXX_LANGUAGE_STANDARD = "gnu++0x";
				CLANG_CXX_LIBRARY = "libc++";
				CLANG_ENABLE_MODULES = YES;
				CLANG_ENABLE_OBJC_ARC = YES;
				CLANG_WARN_BOOL_CONVERSION = YES;
				CLANG_WARN_CONSTANT_CONVERSION = YES;
				CLANG_WARN_DIRECT_OBJC_ISA_USAGE = YES_ERROR;
				CLANG_WARN_DOCUMENTATION_COMMENTS = YES;
				CLANG_WARN_EMPTY_BODY = YES;
				CLANG_WARN_ENUM_CONVERSION = YES;
				CLANG_WARN_INFINITE_RECURSION = YES;
				CLANG_WARN_INT_CONVERSION = YES;
				CLANG_WARN_OBJC_ROOT_CLASS = YES_ERROR;
				CLANG_WARN_SUSPICIOUS_MOVE = YES;
				CLANG_WARN_UNREACHABLE_CODE = YES;
				CLANG_WARN__DUPLICATE_METHOD_MATCH = YES;
				"CODE_SIGN_IDENTITY[sdk=iphoneos*]" = "iPhone Developer";
				COPY_PHASE_STRIP = NO;
				DEBUG_INFORMATION_FORMAT = "dwarf-with-dsym";
				ENABLE_NS_ASSERTIONS = NO;
				ENABLE_STRICT_OBJC_MSGSEND = YES;
				GCC_C_LANGUAGE_STANDARD = gnu99;
				GCC_NO_COMMON_BLOCKS = YES;
				GCC_OPTIMIZATION_LEVEL = fast;
				GCC_WARN_64_TO_32_BIT_CONVERSION = YES;
				GCC_WARN_ABOUT_RETURN_TYPE = YES_ERROR;
				GCC_WARN_UNDECLARED_SELECTOR = YES;
				GCC_WARN_UNINITIALIZED_AUTOS = YES_AGGRESSIVE;
				GCC_WARN_UNUSED_FUNCTION = YES;
				GCC_WARN_UNUSED_VARIABLE = YES;
				IPHONEOS_DEPLOYMENT_TARGET = 9.0;
				MTL_ENABLE_DEBUG_INFO = NO;
				SDKROOT = iphoneos;
				SWIFT_OPTIMIZATION_LEVEL = "-Owholemodule";
				TARGETED_DEVICE_FAMILY = "1,2";
				VALIDATE_PRODUCT = YES;
			};
			name = Release;
		};
		A6D112461E4B2AC400B38CC3 /* Debug */ = {
			isa = XCBuildConfiguration;
			baseConfigurationReference = 6B08B6ABE46904C699931AEE /* Pods-Traccar.debug.xcconfig */;
			buildSettings = {
				ALWAYS_EMBED_SWIFT_STANDARD_LIBRARIES = YES;
				ASSETCATALOG_COMPILER_APPICON_NAME = AppIcon;
				DEVELOPMENT_TEAM = RS93W547X8;
				INFOPLIST_FILE = Traccar/Info.plist;
				IPHONEOS_DEPLOYMENT_TARGET = 9.0;
				LD_RUNPATH_SEARCH_PATHS = "$(inherited) @executable_path/Frameworks";
				PRODUCT_BUNDLE_IDENTIFIER = com.zzheads.Traccar;
				PRODUCT_NAME = "$(TARGET_NAME)";
				SWIFT_VERSION = 3.0;
			};
			name = Debug;
		};
		A6D112471E4B2AC400B38CC3 /* Release */ = {
			isa = XCBuildConfiguration;
			baseConfigurationReference = 838DB7B0A08D2776B6E3FEF7 /* Pods-Traccar.release.xcconfig */;
			buildSettings = {
				ALWAYS_EMBED_SWIFT_STANDARD_LIBRARIES = YES;
				ASSETCATALOG_COMPILER_APPICON_NAME = AppIcon;
				DEVELOPMENT_TEAM = RS93W547X8;
				INFOPLIST_FILE = Traccar/Info.plist;
				IPHONEOS_DEPLOYMENT_TARGET = 9.0;
				LD_RUNPATH_SEARCH_PATHS = "$(inherited) @executable_path/Frameworks";
				PRODUCT_BUNDLE_IDENTIFIER = com.zzheads.Traccar;
				PRODUCT_NAME = "$(TARGET_NAME)";
				SWIFT_OPTIMIZATION_LEVEL = "-Owholemodule";
				SWIFT_VERSION = 3.0;
			};
			name = Release;
		};
/* End XCBuildConfiguration section */

/* Begin XCConfigurationList section */
		A6D1122E1E4B2AC400B38CC3 /* Build configuration list for PBXProject "Traccar" */ = {
			isa = XCConfigurationList;
			buildConfigurations = (
				A6D112431E4B2AC400B38CC3 /* Debug */,
				A6D112441E4B2AC400B38CC3 /* Release */,
			);
			defaultConfigurationIsVisible = 0;
			defaultConfigurationName = Release;
		};
		A6D112451E4B2AC400B38CC3 /* Build configuration list for PBXNativeTarget "Traccar" */ = {
			isa = XCConfigurationList;
			buildConfigurations = (
				A6D112461E4B2AC400B38CC3 /* Debug */,
				A6D112471E4B2AC400B38CC3 /* Release */,
			);
			defaultConfigurationIsVisible = 0;
			defaultConfigurationName = Release;
		};
/* End XCConfigurationList section */
	};
	rootObject = A6D1122B1E4B2AC400B38CC3 /* Project object */;
}
